# This file is autogenerated, do not edit; changes may be undone by the next 'dep ensure'.


[[projects]]
  digest = "1:df9b52cd171b06b13c881f0c35e4f661c8cb9ab62314b33186ec1323a934ad37"
  name = "github.com/Terry-Mao/goconf"
  packages = ["."]
  pruneopts = "UT"
  revision = "e257c6b73e24b30e6a52053af7060daeafa64fa7"
  version = "v1.0"

[[projects]]
  branch = "master"
  digest = "1:941fc1281bcf471cacda443ecd7a519aa013c097cdd91b708ae46dbeb4c69936"
  name = "github.com/thinkboy/log4go"
  packages = ["."]
  pruneopts = "UT"
  revision = "4d8ec2bad0a636c242dd73235694c8123dc555d0"

[solve-meta]
  analyzer-name = "dep"
  analyzer-version = 1
  input-imports = [
    "github.com/Terry-Mao/goconf",
    "github.com/thinkboy/log4go",
  ]
  solver-name = "gps-cdcl"
  solver-version = 1
